{
    "_readme": [
        "This file locks the dependencies of your project to a known state",
        "Read more about it at https://getcomposer.org/doc/01-basic-usage.md#composer-lock-the-lock-file",
        "This file is @generated automatically"
    ],
    "hash": "b2a3ed58f4bae0b32ddcf381dea29439",
    "content-hash": "729a4df4e59c69a820da275280bc226d",
    "packages": [
        {
            "name": "onepass/common",
            "version": "dev-master",
            "source": {
                "type": "git",
                "url": "https://github.com/1Pass/1pass-common",
                "reference": "212142056aa5c2c8402124e5b1822497b221ec22"
            },
            "require": {
                "php": ">=5.4.0"
            },
            "type": "library",
            "autoload": {
                "psr-0": {
                    "Onepass": "lib/"
                }
            },
            "license": [
                "MIT"
            ],
            "authors": [
                {
                    "name": "Jake Benilov",
                    "email": "jake@1pass.me"
                }
            ],
            "description": "Helpers for building 1Pass plugins",
            "time": "2016-04-19 21:26:00"
        }
    ],
    "packages-dev": [],
    "aliases": [],
    "minimum-stability": "stable",
    "stability-flags": {
        "onepass/common": 20
    },
    "prefer-stable": false,
    "prefer-lowest": false,
    "platform": [],
    "platform-dev": []
}
